
Microsoft Visual Studio Solution File, Format Version 11.00
# Visual Studio 2010
Project("{FAE04EC0-301F-11D3-BF4B-00C04F79EFBC}") = "YarnSpinner.Unity", "YarnSpinner.Unity.csproj", "{c378af0a-1394-efca-5de0-53d5c317962e}"
EndProject
Project("{FAE04EC0-301F-11D3-BF4B-00C04F79EFBC}") = "Assembly-CSharp", "Assembly-CSharp.csproj", "{29750f55-974c-0ef4-a4bb-6187babbf7c2}"
EndProject
Project("{FAE04EC0-301F-11D3-BF4B-00C04F79EFBC}") = "YarnSpinner.Unity.Example", "YarnSpinner.Unity.Example.csproj", "{c9fde6be-bbc4-7060-6644-76aa1c8e1ebe}"
EndProject
Project("{FAE04EC0-301F-11D3-BF4B-00C04F79EFBC}") = "CommandsInAnAssemblyDefinition", "CommandsInAnAssemblyDefinition.csproj", "{c318fb77-0c77-92ae-5fcf-572fcefb9ca8}"
EndProject
Project("{FAE04EC0-301F-11D3-BF4B-00C04F79EFBC}") = "Assembly-CSharp-firstpass", "Assembly-CSharp-firstpass.csproj", "{8028368d-b3a0-681b-0661-6650b2c60895}"
EndProject
Project("{FAE04EC0-301F-11D3-BF4B-00C04F79EFBC}") = "YarnSpinnerTests", "YarnSpinnerTests.csproj", "{669e2821-ac8c-7258-222e-e56f3574451d}"
EndProject
Project("{FAE04EC0-301F-11D3-BF4B-00C04F79EFBC}") = "YarnSpinner.Unity.Editor", "YarnSpinner.Unity.Editor.csproj", "{8ad6c91d-a505-f751-75b0-fb9405e97212}"
EndProject
Project("{FAE04EC0-301F-11D3-BF4B-00C04F79EFBC}") = "YarnSpinner.Editor.Tests", "YarnSpinner.Editor.Tests.csproj", "{7ff224f5-06ab-c317-bfb2-6d7f47a9e5c6}"
EndProject
Project("{FAE04EC0-301F-11D3-BF4B-00C04F79EFBC}") = "Assembly-CSharp-Editor", "Assembly-CSharp-Editor.csproj", "{805a1c74-e7d7-e3e0-9f9d-011d3874105b}"
EndProject
Global
	GlobalSection(SolutionConfigurationPlatforms) = preSolution
		Debug|Any CPU = Debug|Any CPU
	EndGlobalSection
	GlobalSection(ProjectConfigurationPlatforms) = postSolution
		{c378af0a-1394-efca-5de0-53d5c317962e}.Debug|Any CPU.ActiveCfg = Debug|Any CPU
		{c378af0a-1394-efca-5de0-53d5c317962e}.Debug|Any CPU.Build.0 = Debug|Any CPU
		{29750f55-974c-0ef4-a4bb-6187babbf7c2}.Debug|Any CPU.ActiveCfg = Debug|Any CPU
		{29750f55-974c-0ef4-a4bb-6187babbf7c2}.Debug|Any CPU.Build.0 = Debug|Any CPU
		{c9fde6be-bbc4-7060-6644-76aa1c8e1ebe}.Debug|Any CPU.ActiveCfg = Debug|Any CPU
		{c9fde6be-bbc4-7060-6644-76aa1c8e1ebe}.Debug|Any CPU.Build.0 = Debug|Any CPU
		{c318fb77-0c77-92ae-5fcf-572fcefb9ca8}.Debug|Any CPU.ActiveCfg = Debug|Any CPU
		{c318fb77-0c77-92ae-5fcf-572fcefb9ca8}.Debug|Any CPU.Build.0 = Debug|Any CPU
		{8028368d-b3a0-681b-0661-6650b2c60895}.Debug|Any CPU.ActiveCfg = Debug|Any CPU
		{8028368d-b3a0-681b-0661-6650b2c60895}.Debug|Any CPU.Build.0 = Debug|Any CPU
		{669e2821-ac8c-7258-222e-e56f3574451d}.Debug|Any CPU.ActiveCfg = Debug|Any CPU
		{669e2821-ac8c-7258-222e-e56f3574451d}.Debug|Any CPU.Build.0 = Debug|Any CPU
		{8ad6c91d-a505-f751-75b0-fb9405e97212}.Debug|Any CPU.ActiveCfg = Debug|Any CPU
		{8ad6c91d-a505-f751-75b0-fb9405e97212}.Debug|Any CPU.Build.0 = Debug|Any CPU
		{7ff224f5-06ab-c317-bfb2-6d7f47a9e5c6}.Debug|Any CPU.ActiveCfg = Debug|Any CPU
		{7ff224f5-06ab-c317-bfb2-6d7f47a9e5c6}.Debug|Any CPU.Build.0 = Debug|Any CPU
		{805a1c74-e7d7-e3e0-9f9d-011d3874105b}.Debug|Any CPU.ActiveCfg = Debug|Any CPU
		{805a1c74-e7d7-e3e0-9f9d-011d3874105b}.Debug|Any CPU.Build.0 = Debug|Any CPU
	EndGlobalSection
	GlobalSection(SolutionProperties) = preSolution
		HideSolutionNode = FALSE
	EndGlobalSection
EndGlobal
